
Microsoft Visual Studio Solution File, Format Version 12.00
# Visual Studio 15
VisualStudioVersion = 15.0.27428.1
MinimumVisualStudioVersion = 10.0.40219.1
Project("{8BC9CEB8-8B4A-11D0-8D11-00A0C91BC942}") = "Increasing_Shortest_Path", "Increasing_Shortest_Path\Increasing_Shortest_Path.vcxproj", "{7A3854CF-3E1B-41EC-92F0-E1496D18D9C6}"
EndProject
Global
	GlobalSection(SolutionConfigurationPlatforms) = preSolution
		Debug|x64 = Debug|x64
		Debug|x86 = Debug|x86
		Release|x64 = Release|x64
		Release|x86 = Release|x86
	EndGlobalSection
	GlobalSection(ProjectConfigurationPlatforms) = postSolution
		{7A3854CF-3E1B-41EC-92F0-E1496D18D9C6}.Debug|x64.ActiveCfg = Debug|x64
		{7A3854CF-3E1B-41EC-92F0-E1496D18D9C6}.Debug|x64.Build.0 = Debug|x64
		{7A3854CF-3E1B-41EC-92F0-E1496D18D9C6}.Debug|x86.ActiveCfg = Debug|Win32
		{7A3854CF-3E1B-41EC-92F0-E1496D18D9C6}.Debug|x86.Build.0 = Debug|Win32
		{7A3854CF-3E1B-41EC-92F0-E1496D18D9C6}.Release|x64.ActiveCfg = Release|x64
		{7A3854CF-3E1B-41EC-92F0-E1496D18D9C6}.Release|x64.Build.0 = Release|x64
		{7A3854CF-3E1B-41EC-92F0-E1496D18D9C6}.Release|x86.ActiveCfg = Release|Win32
		{7A3854CF-3E1B-41EC-92F0-E1496D18D9C6}.Release|x86.Build.0 = Release|Win32
	EndGlobalSection
	GlobalSection(SolutionProperties) = preSolution
		HideSolutionNode = FALSE
	EndGlobalSection
	GlobalSection(ExtensibilityGlobals) = postSolution
		SolutionGuid = {851EF3BE-4B0E-4FCA-B6F8-FAD708466A3B}
	EndGlobalSection
EndGlobal
