
Microsoft Visual Studio Solution File, Format Version 12.00
# Visual Studio 15
VisualStudioVersion = 15.0.27428.2037
MinimumVisualStudioVersion = 10.0.40219.1
Project("{8BC9CEB8-8B4A-11D0-8D11-00A0C91BC942}") = "Rounding Error", "Rounding Error\Rounding Error.vcxproj", "{66FE6337-7E5E-4D42-89E3-80A828947AEB}"
EndProject
Global
	GlobalSection(SolutionConfigurationPlatforms) = preSolution
		Debug|x64 = Debug|x64
		Debug|x86 = Debug|x86
		Release|x64 = Release|x64
		Release|x86 = Release|x86
	EndGlobalSection
	GlobalSection(ProjectConfigurationPlatforms) = postSolution
		{66FE6337-7E5E-4D42-89E3-80A828947AEB}.Debug|x64.ActiveCfg = Debug|x64
		{66FE6337-7E5E-4D42-89E3-80A828947AEB}.Debug|x64.Build.0 = Debug|x64
		{66FE6337-7E5E-4D42-89E3-80A828947AEB}.Debug|x86.ActiveCfg = Debug|Win32
		{66FE6337-7E5E-4D42-89E3-80A828947AEB}.Debug|x86.Build.0 = Debug|Win32
		{66FE6337-7E5E-4D42-89E3-80A828947AEB}.Release|x64.ActiveCfg = Release|x64
		{66FE6337-7E5E-4D42-89E3-80A828947AEB}.Release|x64.Build.0 = Release|x64
		{66FE6337-7E5E-4D42-89E3-80A828947AEB}.Release|x86.ActiveCfg = Release|Win32
		{66FE6337-7E5E-4D42-89E3-80A828947AEB}.Release|x86.Build.0 = Release|Win32
	EndGlobalSection
	GlobalSection(SolutionProperties) = preSolution
		HideSolutionNode = FALSE
	EndGlobalSection
	GlobalSection(ExtensibilityGlobals) = postSolution
		SolutionGuid = {0FFD789F-C7D9-438F-B6C7-C0FD423A8670}
	EndGlobalSection
EndGlobal
